
Microsoft Visual Studio Solution File, Format Version 12.00
# Visual Studio Version 17
VisualStudioVersion = 17.1.32421.90
MinimumVisualStudioVersion = 10.0.40219.1
Project("{9A19103F-16F7-4668-BE54-9A1E7A4F7556}") = "ProjectNixon", "ProjectNixon\ProjectNixon.csproj", "{B41055DB-5794-4AE5-BBBC-58F795D1F263}"
EndProject
Project("{FAE04EC0-301F-11D3-BF4B-00C04F79EFBC}") = "FuncBus", "FuncBus\FuncBus.csproj", "{40C71EF0-51EC-4532-8DFC-E04216083182}"
EndProject
Global
	GlobalSection(SolutionConfigurationPlatforms) = preSolution
		Debug|Any CPU = Debug|Any CPU
		Release|Any CPU = Release|Any CPU
	EndGlobalSection
	GlobalSection(ProjectConfigurationPlatforms) = postSolution
		{B41055DB-5794-4AE5-BBBC-58F795D1F263}.Debug|Any CPU.ActiveCfg = Debug|Any CPU
		{B41055DB-5794-4AE5-BBBC-58F795D1F263}.Debug|Any CPU.Build.0 = Debug|Any CPU
		{B41055DB-5794-4AE5-BBBC-58F795D1F263}.Release|Any CPU.ActiveCfg = Release|Any CPU
		{B41055DB-5794-4AE5-BBBC-58F795D1F263}.Release|Any CPU.Build.0 = Release|Any CPU
		{40C71EF0-51EC-4532-8DFC-E04216083182}.Debug|Any CPU.ActiveCfg = Debug|Any CPU
		{40C71EF0-51EC-4532-8DFC-E04216083182}.Debug|Any CPU.Build.0 = Debug|Any CPU
		{40C71EF0-51EC-4532-8DFC-E04216083182}.Release|Any CPU.ActiveCfg = Release|Any CPU
		{40C71EF0-51EC-4532-8DFC-E04216083182}.Release|Any CPU.Build.0 = Release|Any CPU
	EndGlobalSection
	GlobalSection(SolutionProperties) = preSolution
		HideSolutionNode = FALSE
	EndGlobalSection
	GlobalSection(ExtensibilityGlobals) = postSolution
		SolutionGuid = {03266750-79E7-4B62-A16D-A2EF4975F529}
	EndGlobalSection
EndGlobal
